// !$*UTF8*$!
{
	archiveVersion = 1;
	classes = {
	};
	objectVersion = 46;
	objects = {

/* Begin PBXBuildFile section */
		4B6D39901FA3B7E10039982B /* AppDelegate.swift in Sources */ = {isa = PBXBuildFile; fileRef = 4B6D398F1FA3B7E10039982B /* AppDelegate.swift */; };
		4B6D39921FA3B7E10039982B /* ViewController.swift in Sources */ = {isa = PBXBuildFile; fileRef = 4B6D39911FA3B7E10039982B /* ViewController.swift */; };
		4B6D39951FA3B7E10039982B /* Main.storyboard in Resources */ = {isa = PBXBuildFile; fileRef = 4B6D39931FA3B7E10039982B /* Main.storyboard */; };
		4B6D39971FA3B7E10039982B /* Assets.xcassets in Resources */ = {isa = PBXBuildFile; fileRef = 4B6D39961FA3B7E10039982B /* Assets.xcassets */; };
		4B6D399A1FA3B7E10039982B /* LaunchScreen.storyboard in Resources */ = {isa = PBXBuildFile; fileRef = 4B6D39981FA3B7E10039982B /* LaunchScreen.storyboard */; };
/* End PBXBuildFile section */

/* Begin PBXFileReference section */
		4B6D398C1FA3B7E10039982B /* destroying-Troy.app */ = {isa = PBXFileReference; explicitFileType = wrapper.application; includeInIndex = 0; path = "destroying-Troy.app"; sourceTree = BUILT_PRODUCTS_DIR; };
		4B6D398F1FA3B7E10039982B /* AppDelegate.swift */ = {isa = PBXFileReference; lastKnownFileType = sourcecode.swift; path = AppDelegate.swift; sourceTree = "<group>"; };
		4B6D39911FA3B7E10039982B /* ViewController.swift */ = {isa = PBXFileReference; lastKnownFileType = sourcecode.swift; path = ViewController.swift; sourceTree = "<group>"; };
		4B6D39941FA3B7E10039982B /* Base */ = {isa = PBXFileReference; lastKnownFileType = file.storyboard; name = Base; path = Base.lproj/Main.storyboard; sourceTree = "<group>"; };
		4B6D39961FA3B7E10039982B /* Assets.xcassets */ = {isa = PBXFileReference; lastKnownFileType = folder.assetcatalog; path = Assets.xcassets; sourceTree = "<group>"; };
		4B6D39991FA3B7E10039982B /* Base */ = {isa = PBXFileReference; lastKnownFileType = file.storyboard; name = Base; path = Base.lproj/LaunchScreen.storyboard; sourceTree = "<group>"; };
		4B6D399B1FA3B7E10039982B /* Info.plist */ = {isa = PBXFileReference; lastKnownFileType = text.plist.xml; path = Info.plist; sourceTree = "<group>"; };
/* End PBXFileReference section */

/* Begin PBXFrameworksBuildPhase section */
		4B6D39891FA3B7E10039982B /* Frameworks */ = {
			isa = PBXFrameworksBuildPhase;
			buildActionMask = 2147483647;
			files = (
			);
			runOnlyForDeploymentPostprocessing = 0;
		};
/* End PBXFrameworksBuildPhase section */

/* Begin PBXGroup section */
		4B6D39831FA3B7E00039982B = {
			isa = PBXGroup;
			children = (
				4B6D398E1FA3B7E10039982B /* destroying-Troy */,
				4B6D398D1FA3B7E10039982B /* Products */,
			);
			sourceTree = "<group>";
		};
		4B6D398D1FA3B7E10039982B /* Products */ = {
			isa = PBXGroup;
			children = (
				4B6D398C1FA3B7E10039982B /* destroying-Troy.app */,
			);
			name = Products;
			sourceTree = "<group>";
		};
		4B6D398E1FA3B7E10039982B /* destroying-Troy */ = {
			isa = PBXGroup;
			children = (
				4B6D398F1FA3B7E10039982B /* AppDelegate.swift */,
				4B6D39911FA3B7E10039982B /* ViewController.swift */,
				4B6D39931FA3B7E10039982B /* Main.storyboard */,
				4B6D39961FA3B7E10039982B /* Assets.xcassets */,
				4B6D39981FA3B7E10039982B /* LaunchScreen.storyboard */,
				4B6D399B1FA3B7E10039982B /* Info.plist */,
			);
			path = "destroying-Troy";
			sourceTree = "<group>";
		};
/* End PBXGroup section */

/* Begin PBXNativeTarget section */
		4B6D398B1FA3B7E10039982B /* destroying-Troy */ = {
			isa = PBXNativeTarget;
			buildConfigurationList = 4B6D399E1FA3B7E10039982B /* Build configuration list for PBXNativeTarget "destroying-Troy" */;
			buildPhases = (
				4B6D39881FA3B7E10039982B /* Sources */,
				4B6D39891FA3B7E10039982B /* Frameworks */,
				4B6D398A1FA3B7E10039982B /* Resources */,
			);
			buildRules = (
			);
			dependencies = (
			);
			name = "destroying-Troy";
			productName = "destroying-Troy";
			productReference = 4B6D398C1FA3B7E10039982B /* destroying-Troy.app */;
			productType = "com.apple.product-type.application";
		};
/* End PBXNativeTarget section */

/* Begin PBXProject section */
		4B6D39841FA3B7E00039982B /* Project object */ = {
			isa = PBXProject;
			attributes = {
				LastSwiftUpdateCheck = 0830;
				LastUpgradeCheck = 0830;
				ORGANIZATIONNAME = Andi;
				TargetAttributes = {
					4B6D398B1FA3B7E10039982B = {
						CreatedOnToolsVersion = 8.3.3;
						ProvisioningStyle = Automatic;
					};
				};
			};
			buildConfigurationList = 4B6D39871FA3B7E00039982B /* Build configuration list for PBXProject "destroying-Troy" */;
			compatibilityVersion = "Xcode 3.2";
			developmentRegion = English;
			hasScannedForEncodings = 0;
			knownRegions = (
				en,
				Base,
			);
			mainGroup = 4B6D39831FA3B7E00039982B;
			productRefGroup = 4B6D398D1FA3B7E10039982B /* Products */;
			projectDirPath = "";
			projectRoot = "";
			targets = (
				4B6D398B1FA3B7E10039982B /* destroying-Troy */,
			);
		};
/* End PBXProject section */

/* Begin PBXResourcesBuildPhase section */
		4B6D398A1FA3B7E10039982B /* Resources */ = {
			isa = PBXResourcesBuildPhase;
			buildActionMask = 2147483647;
			files = (
				4B6D399A1FA3B7E10039982B /* LaunchScreen.storyboard in Resources */,
				4B6D39971FA3B7E10039982B /* Assets.xcassets in Resources */,
				4B6D39951FA3B7E10039982B /* Main.storyboard in Resources */,
			);
			runOnlyForDeploymentPostprocessing = 0;
		};
/* End PBXResourcesBuildPhase section */

/* Begin PBXSourcesBuildPhase section */
		4B6D39881FA3B7E10039982B /* Sources */ = {
			isa = PBXSourcesBuildPhase;
			buildActionMask = 2147483647;
			files = (
				4B6D39921FA3B7E10039982B /* ViewController.swift in Sources */,
				4B6D39901FA3B7E10039982B /* AppDelegate.swift in Sources */,
			);
			runOnlyForDeploymentPostprocessing = 0;
		};
/* End PBXSourcesBuildPhase section */

/* Begin PBXVariantGroup section */
		4B6D39931FA3B7E10039982B /* Main.storyboard */ = {
			isa = PBXVariantGroup;
			children = (
				4B6D39941FA3B7E10039982B /* Base */,
			);
			name = Main.storyboard;
			sourceTree = "<group>";
		};
		4B6D39981FA3B7E10039982B /* LaunchScreen.storyboard */ = {
			isa = PBXVariantGroup;
			children = (
				4B6D39991FA3B7E10039982B /* Base */,
			);
			name = LaunchScreen.storyboard;
			sourceTree = "<group>";
		};
/* End PBXVariantGroup section */

/* Begin XCBuildConfiguration section */
		4B6D399C1FA3B7E10039982B /* Debug */ = {
			isa = XCBuildConfiguration;
			buildSettings = {
				ALWAYS_SEARCH_USER_PATHS = NO;
				CLANG_ANALYZER_NONNULL = YES;
				CLANG_ANALYZER_NUMBER_OBJECT_CONVERSION = YES_AGGRESSIVE;
				CLANG_CXX_LANGUAGE_STANDARD = "gnu++0x";
				CLANG_CXX_LIBRARY = "libc++";
				CLANG_ENABLE_MODULES = YES;
				CLANG_ENABLE_OBJC_ARC = YES;
				CLANG_WARN_BOOL_CONVERSION = YES;
				CLANG_WARN_CONSTANT_CONVERSION = YES;
				CLANG_WARN_DIRECT_OBJC_ISA_USAGE = YES_ERROR;
				CLANG_WARN_DOCUMENTATION_COMMENTS = YES;
				CLANG_WARN_EMPTY_BODY = YES;
				CLANG_WARN_ENUM_CONVERSION = YES;
				CLANG_WARN_INFINITE_RECURSION = YES;
				CLANG_WARN_INT_CONVERSION = YES;
				CLANG_WARN_OBJC_ROOT_CLASS = YES_ERROR;
				CLANG_WARN_SUSPICIOUS_MOVE = YES;
				CLANG_WARN_UNREACHABLE_CODE = YES;
				CLANG_WARN__DUPLICATE_METHOD_MATCH = YES;
				"CODE_SIGN_IDENTITY[sdk=iphoneos*]" = "iPhone Developer";
				COPY_PHASE_STRIP = NO;
				DEBUG_INFORMATION_FORMAT = dwarf;
				ENABLE_STRICT_OBJC_MSGSEND = YES;
				ENABLE_TESTABILITY = YES;
				GCC_C_LANGUAGE_STANDARD = gnu99;
				GCC_DYNAMIC_NO_PIC = NO;
				GCC_NO_COMMON_BLOCKS = YES;
				GCC_OPTIMIZATION_LEVEL = 0;
				GCC_PREPROCESSOR_DEFINITIONS = (
					"DEBUG=1",
					"$(inherited)",
				);
				GCC_WARN_64_TO_32_BIT_CONVERSION = YES;
				GCC_WARN_ABOUT_RETURN_TYPE = YES_ERROR;
				GCC_WARN_UNDECLARED_SELECTOR = YES;
				GCC_WARN_UNINITIALIZED_AUTOS = YES_AGGRESSIVE;
				GCC_WARN_UNUSED_FUNCTION = YES;
				GCC_WARN_UNUSED_VARIABLE = YES;
				IPHONEOS_DEPLOYMENT_TARGET = 10.3;
				MTL_ENABLE_DEBUG_INFO = YES;
				ONLY_ACTIVE_ARCH = YES;
				SDKROOT = iphoneos;
				SWIFT_ACTIVE_COMPILATION_CONDITIONS = DEBUG;
				SWIFT_OPTIMIZATION_LEVEL = "-Onone";
			};
			name = Debug;
		};
		4B6D399D1FA3B7E10039982B /* Release */ = {
			isa = XCBuildConfiguration;
			buildSettings = {
				ALWAYS_SEARCH_USER_PATHS = NO;
				CLANG_ANALYZER_NONNULL = YES;
				CLANG_ANALYZER_NUMBER_OBJECT_CONVERSION = YES_AGGRESSIVE;
				CLANG_CXX_LANGUAGE_STANDARD = "gnu++0x";
				CLANG_CXX_LIBRARY = "libc++";
				CLANG_ENABLE_MODULES = YES;
				CLANG_ENABLE_OBJC_ARC = YES;
				CLANG_WARN_BOOL_CONVERSION = YES;
				CLANG_WARN_CONSTANT_CONVERSION = YES;
				CLANG_WARN_DIRECT_OBJC_ISA_USAGE = YES_ERROR;
				CLANG_WARN_DOCUMENTATION_COMMENTS = YES;
				CLANG_WARN_EMPTY_BODY = YES;
				CLANG_WARN_ENUM_CONVERSION = YES;
				CLANG_WARN_INFINITE_RECURSION = YES;
				CLANG_WARN_INT_CONVERSION = YES;
				CLANG_WARN_OBJC_ROOT_CLASS = YES_ERROR;
				CLANG_WARN_SUSPICIOUS_MOVE = YES;
				CLANG_WARN_UNREACHABLE_CODE = YES;
				CLANG_WARN__DUPLICATE_METHOD_MATCH = YES;
				"CODE_SIGN_IDENTITY[sdk=iphoneos*]" = "iPhone Developer";
				COPY_PHASE_STRIP = NO;
				DEBUG_INFORMATION_FORMAT = "dwarf-with-dsym";
				ENABLE_NS_ASSERTIONS = NO;
				ENABLE_STRICT_OBJC_MSGSEND = YES;
				GCC_C_LANGUAGE_STANDARD = gnu99;
				GCC_NO_COMMON_BLOCKS = YES;
				GCC_WARN_64_TO_32_BIT_CONVERSION = YES;
				GCC_WARN_ABOUT_RETURN_TYPE = YES_ERROR;
				GCC_WARN_UNDECLARED_SELECTOR = YES;
				GCC_WARN_UNINITIALIZED_AUTOS = YES_AGGRESSIVE;
				GCC_WARN_UNUSED_FUNCTION = YES;
				GCC_WARN_UNUSED_VARIABLE = YES;
				IPHONEOS_DEPLOYMENT_TARGET = 10.3;
				MTL_ENABLE_DEBUG_INFO = NO;
				SDKROOT = iphoneos;
				SWIFT_OPTIMIZATION_LEVEL = "-Owholemodule";
				VALIDATE_PRODUCT = YES;
			};
			name = Release;
		};
		4B6D399F1FA3B7E10039982B /* Debug */ = {
			isa = XCBuildConfiguration;
			buildSettings = {
				ASSETCATALOG_COMPILER_APPICON_NAME = AppIcon;
				INFOPLIST_FILE = "destroying-Troy/Info.plist";
				LD_RUNPATH_SEARCH_PATHS = "$(inherited) @executable_path/Frameworks";
				PRODUCT_BUNDLE_IDENTIFIER = "com.AndreasRiexinger.destroying-Troy";
				PRODUCT_NAME = "$(TARGET_NAME)";
				SWIFT_VERSION = 3.0;
			};
			name = Debug;
		};
		4B6D39A01FA3B7E10039982B /* Release */ = {
			isa = XCBuildConfiguration;
			buildSettings = {
				ASSETCATALOG_COMPILER_APPICON_NAME = AppIcon;
				INFOPLIST_FILE = "destroying-Troy/Info.plist";
				LD_RUNPATH_SEARCH_PATHS = "$(inherited) @executable_path/Frameworks";
				PRODUCT_BUNDLE_IDENTIFIER = "com.AndreasRiexinger.destroying-Troy";
				PRODUCT_NAME = "$(TARGET_NAME)";
				SWIFT_VERSION = 3.0;
			};
			name = Release;
		};
/* End XCBuildConfiguration section */

/* Begin XCConfigurationList section */
		4B6D39871FA3B7E00039982B /* Build configuration list for PBXProject "destroying-Troy" */ = {
			isa = XCConfigurationList;
			buildConfigurations = (
				4B6D399C1FA3B7E10039982B /* Debug */,
				4B6D399D1FA3B7E10039982B /* Release */,
			);
			defaultConfigurationIsVisible = 0;
			defaultConfigurationName = Release;
		};
		4B6D399E1FA3B7E10039982B /* Build configuration list for PBXNativeTarget "destroying-Troy" */ = {
			isa = XCConfigurationList;
			buildConfigurations = (
				4B6D399F1FA3B7E10039982B /* Debug */,
				4B6D39A01FA3B7E10039982B /* Release */,
			);
			defaultConfigurationIsVisible = 0;
		};
/* End XCConfigurationList section */
	};
	rootObject = 4B6D39841FA3B7E00039982B /* Project object */;
}
